
Microsoft Visual Studio Solution File, Format Version 12.00
# Visual Studio Version 17
VisualStudioVersion = 17.3.32901.215
MinimumVisualStudioVersion = 10.0.40219.1
Project("{FAE04EC0-301F-11D3-BF4B-00C04F79EFBC}") = "Delivery", "Delivery\Delivery.csproj", "{E30C4D3A-C699-4E44-8DBB-52E08D5B9FE0}"
EndProject
Global
	GlobalSection(SolutionConfigurationPlatforms) = preSolution
		Debug|Any CPU = Debug|Any CPU
		Release|Any CPU = Release|Any CPU
	EndGlobalSection
	GlobalSection(ProjectConfigurationPlatforms) = postSolution
		{E30C4D3A-C699-4E44-8DBB-52E08D5B9FE0}.Debug|Any CPU.ActiveCfg = Debug|Any CPU
		{E30C4D3A-C699-4E44-8DBB-52E08D5B9FE0}.Debug|Any CPU.Build.0 = Debug|Any CPU
		{E30C4D3A-C699-4E44-8DBB-52E08D5B9FE0}.Release|Any CPU.ActiveCfg = Release|Any CPU
		{E30C4D3A-C699-4E44-8DBB-52E08D5B9FE0}.Release|Any CPU.Build.0 = Release|Any CPU
	EndGlobalSection
	GlobalSection(SolutionProperties) = preSolution
		HideSolutionNode = FALSE
	EndGlobalSection
	GlobalSection(ExtensibilityGlobals) = postSolution
		SolutionGuid = {AC38E126-93EA-4CDD-B446-36E4798B5FE1}
	EndGlobalSection
EndGlobal
